# generated by rye
# use `rye lock` or `rye sync` to update this lockfile
#
# last locked with the following flags:
#   pre: false
#   features: []
#   all-features: false

-e file:custom-forks/netmiko
-e file:.
-e file:projects/aruba
-e file:projects/bluecat
-e file:projects/core
-e file:projects/librenms
-e file:projects/nautobot
-e file:projects/phpipam
-e file:projects/scripts
-e file:projects/snipeit
-e file:projects/ssh
-e file:projects/switchconfig
amqp==5.1.1
aniso8601==7.0.0
appdirs==1.4.4
arrow==1.2.3
asgiref==3.7.2
astroid==2.15.6
asttokens==2.2.1
async-timeout==4.0.3
attrs==23.1.0
backcall==0.2.0
bcrypt==4.0.1
billiard==4.1.0
black==23.7.0
build==0.10.0
celery==5.3.1
certifi==2023.7.22
cffi==1.15.1
charset-normalizer==3.2.0
click==8.1.7
click-didyoumean==0.3.0
click-plugins==1.1.1
click-repl==0.3.0
cogapp==3.3.0
colorama==0.4.6
contourpy==1.1.0
copier==8.1.0
coverage==7.3.0
cron-descriptor==1.4.0
cryptography==41.0.3
cssselect==1.2.0
cycler==0.11.0
debugpy==1.6.7.post1
decorator==5.1.1
deepdiff==6.3.1
defusedxml==0.7.1
diffsync==1.8.0
dill==0.3.7
django==3.2.20
django-ajax-tables==1.1.1
django-appconf==1.0.5
django-auth-ldap==4.5.0
django-cacheops==6.2
django-celery-beat==2.5.0
django-constance==2.9.1
django-cors-headers==4.2.0
django-cryptography==1.1
django-db-file-storage==0.5.5
django-debug-toolbar==4.2.0
django-environ==0.10.0
django-extensions==3.2.3
django-filter==23.1
django-health-check==3.17.0
django-jinja==2.10.2
django-js-asset==2.1.0
django-mptt==0.14.0
django-picklefield==3.1
django-pivot==1.9.0
django-prometheus==2.3.1
django-redis==5.3.0
django-rq==2.8.1
django-tables2==2.6.0
django-taggit==4.0.0
django-timezone-field==5.1
django-tree-queries==0.15.0
django-webserver==1.2.0
djangorestframework==3.14.0
drf-spectacular==0.26.4
drf-spectacular-sidecar==2023.8.1
drf-yasg==1.21.7
dunamai==1.18.0
exceptiongroup==1.1.3
executing==1.2.0
fonttools==4.42.1
funcy==1.18
future==0.18.3
gitdb==4.0.10
gitpython==3.1.32
graphene==2.1.9
graphene-django==2.16.0
graphene-django-optimizer==0.8.0
graphql-core==2.3.2
graphql-relay==2.0.1
html-table-parser-python3==0.3.1
idna==3.4
inflection==0.5.1
iniconfig==2.0.0
invoke==2.2.0
ipdb==0.13.13
ipython==8.14.0
isort==5.12.0
jedi==0.19.0
jinja2==3.1.2
jinja2-ansible-filters==1.3.2
jsonschema==4.17.3
junos-eznc==2.6.7
kiwisolver==1.4.5
kombu==5.3.1
lazy-object-proxy==1.9.0
ldap3==2.9.1
librenms-handler==0.4.2
loguru==0.7.0
lxml==4.9.3
markdown==3.3.7
markdown-it-py==3.0.0
markupsafe==2.1.3
matplotlib==3.7.2
matplotlib-inline==0.1.6
mccabe==0.7.0
mdurl==0.1.2
multidict==6.0.4
mypy==1.0.1
mypy-extensions==0.4.4
napalm==4.1.0
napalm-aruba-cx==0.1.4
nautobot==1.6.1
nautobot-device-onboarding==1.1.2
nautobot-golden-config==1.4.1
nautobot-plugin-nornir==1.0.0
nautobot-ssot==1.3.2
ncclient==0.6.13
netaddr==0.8.0
netutils==1.5.0
nornir==3.3.0
nornir-jinja2==0.2.0
nornir-napalm==0.3.0
nornir-nautobot==2.3.0
nornir-netmiko==0.2.0
nornir-utils==0.2.0
ntc-templates==3.5.0
numpy==1.25.2
oauthlib==3.2.2
ordered-set==4.1.0
packaging==23.1
paramiko==3.3.1
parso==0.8.3
pathspec==0.11.2
pexpect==4.8.0
pickleshare==0.7.5
pillow==10.0.0
platformdirs==3.10.0
pluggy==1.2.0
plumbum==1.8.2
prometheus-client==0.14.1
promise==2.3
prompt-toolkit==3.0.36
psycopg2-binary==2.9.7
ptpython==3.0.23
ptyprocess==0.7.0
pure-eval==0.2.2
pyasn1==0.5.0
pyasn1-modules==0.3.0
pycparser==2.21
pydantic==1.10.12
pyeapi==1.0.2
pygments==2.16.1
pyjwt==2.8.0
pylint==2.17.5
pynacl==1.5.0
pynautobot==1.5.0
pyparsing==3.0.9
pypng==0.20220715.0
pyproject-hooks==1.0.0
pyquery==2.0.0
pyrsistent==0.19.3
pyserial==3.5
pystache==0.6.4
pytest==7.4.0
pytest-cov==4.1.0
pytest-mock==3.11.1
pytest-recording==0.13.0
pytest-relaxed==2.0.1
python-box==7.0.1
python-crontab==3.0.0
python-dateutil==2.8.2
python-dotenv==1.0.0
python-ldap @ https://github.com/uoft-networking/python-ldap/releases/download/latest/python_ldap-3.4.3-cp310-cp310-manylinux_2_17_x86_64.manylinux2014_x86_64.whl ; sys_platform == "linux" and python_version == "3.10" and platform_machine == "x86_64"
python3-openid==3.2.0
pytz==2023.3
pyuwsgi==2.0.21
pyyaml==6.0.1
pyyaml-include==1.3.1
qrcode==7.4.2
questionary==2.0.0
redis==5.0.0
requests==2.31.0
requests-oauthlib==1.3.1
rich==13.5.2
rq==1.15.1
ruamel-yaml==0.17.32
ruamel-yaml-clib==0.2.7
ruff==0.0.285
rx==1.6.3
scp==0.14.5
setuptools-scm==7.1.0
shellingham==1.4.0
singledispatch==4.0.0
six==1.16.0
smmap==5.0.0
social-auth-app-django==5.2.0
social-auth-core==4.4.2
sqlparse==0.4.4
stack-data==0.6.2
structlog==22.3.0
svgwrite==1.4.3
swagger-spec-validator==3.0.3
text-unidecode==1.3
textfsm==1.1.2
toml==0.10.2
tomli==2.0.1
tomlkit==0.12.1
traitlets==5.9.0
transitions==0.9.0
ttp==0.9.5
ttp-templates==0.3.5
typer==0.7.0
typer-cli==0.0.13
typing-extensions==4.7.1
tzdata==2023.3
uritemplate==4.1.1
urllib3==1.26.16
vcrpy==5.1.0
vine==5.0.0
wcwidth==0.2.6
wrapt==1.15.0
yamlordereddictloader==0.4.0
yarl==1.9.2
zipp==3.16.2
# The following packages are considered to be unsafe in a requirements file:
setuptools==68.1.2
